Microsoft Visual Studio Solution File, Format Version 12.00
# Visual Studio Version 17
VisualStudioVersion = 17.5.2.0
MinimumVisualStudioVersion = 10.0.40219.1
Project("{FAE04EC0-301F-11D3-BF4B-00C04F79EFBC}") = "Disquera", "Disquera.csproj", "{36972282-4610-BC31-24EB-1405B0A015B1}"
EndProject
Global
	GlobalSection(SolutionConfigurationPlatforms) = preSolution
		Debug|Any CPU = Debug|Any CPU
		Release|Any CPU = Release|Any CPU
	EndGlobalSection
	GlobalSection(ProjectConfigurationPlatforms) = postSolution
		{36972282-4610-BC31-24EB-1405B0A015B1}.Debug|Any CPU.ActiveCfg = Debug|Any CPU
		{36972282-4610-BC31-24EB-1405B0A015B1}.Debug|Any CPU.Build.0 = Debug|Any CPU
		{36972282-4610-BC31-24EB-1405B0A015B1}.Release|Any CPU.ActiveCfg = Release|Any CPU
		{36972282-4610-BC31-24EB-1405B0A015B1}.Release|Any CPU.Build.0 = Release|Any CPU
	EndGlobalSection
	GlobalSection(SolutionProperties) = preSolution
		HideSolutionNode = FALSE
	EndGlobalSection
	GlobalSection(ExtensibilityGlobals) = postSolution
		SolutionGuid = {A76958C3-6FF9-41C0-8E5E-8AF9F7FDD7CA}
	EndGlobalSection
EndGlobal
